{
    "_readme": [
        "This file locks the dependencies of your project to a known state",
        "Read more about it at https://getcomposer.org/doc/01-basic-usage.md#installing-dependencies",
        "This file is @generated automatically"
    ],
    "content-hash": "5f0caa9e091287188f2ba3c25c0b3cde",
    "packages": [
        {
            "name": "brick/math",
            "version": "0.9.3",
            "source": {
                "type": "git",
                "url": "https://github.com/brick/math.git",
                "reference": "ca57d18f028f84f777b2168cd1911b0dee2343ae"
            },
            "dist": {
                "type": "zip",
                "url": "https://api.github.com/repos/brick/math/zipball/ca57d18f028f84f777b2168cd1911b0dee2343ae",
                "reference": "ca57d18f028f84f777b2168cd1911b0dee2343ae",
                "shasum": ""
            },
            "require": {
                "ext-json": "*",
                "php": "^7.1 || ^8.0"
            },
            "require-dev": {
                "php-coveralls/php-coveralls": "^2.2",
                "phpunit/phpunit": "^7.5.15 || ^8.5 || ^9.0",
                "vimeo/psalm": "4.9.2"
            },
            "type": "library",
            "autoload": {
                "psr-4": {
                    "Brick\\Math\\": "src/"
                }
            },
            "notification-url": "https://packagist.org/downloads/",
            "license": [
                "MIT"
            ],
            "description": "Arbitrary-precision arithmetic library",
            "keywords": [
                "Arbitrary-precision",
                "BigInteger",
                "BigRational",
                "arithmetic",
                "bigdecimal",
                "bignum",
                "brick",
                "math"
            ],
            "support": {
                "issues": "https://github.com/brick/math/issues",
                "source": "https://github.com/brick/math/tree/0.9.3"
            },
            "funding": [
                {
                    "url": "https://github.com/BenMorel",
                    "type": "github"
                },
                {
                    "url": "https://tidelift.com/funding/github/packagist/brick/math",
                    "type": "tidelift"
                }
            ],
            "time": "2021-08-15T20:50:18+00:00"
        },
        {
            "name": "monolog/monolog",
            "version": "1.26.0",
            "source": {
                "type": "git",
                "url": "https://github.com/Seldaek/monolog.git",
                "reference": "2209ddd84e7ef1256b7af205d0717fb62cfc9c33"
            },
            "dist": {
                "type": "zip",
                "url": "https://api.github.com/repos/Seldaek/monolog/zipball/2209ddd84e7ef1256b7af205d0717fb62cfc9c33",
                "reference": "2209ddd84e7ef1256b7af205d0717fb62cfc9c33",
                "shasum": ""
            },
            "require": {
                "php": ">=5.3.0",
                "psr/log": "~1.0"
            },
            "provide": {
                "psr/log-implementation": "1.0.0"
            },
            "require-dev": {
                "aws/aws-sdk-php": "^2.4.9 || ^3.0",
                "doctrine/couchdb": "~1.0@dev",
                "graylog2/gelf-php": "~1.0",
                "php-amqplib/php-amqplib": "~2.4",
                "php-console/php-console": "^3.1.3",
                "phpstan/phpstan": "^0.12.59",
                "phpunit/phpunit": "~4.5",
                "ruflin/elastica": ">=0.90 <3.0",
                "sentry/sentry": "^0.13",
                "swiftmailer/swiftmailer": "^5.3|^6.0"
            },
            "suggest": {
                "aws/aws-sdk-php": "Allow sending log messages to AWS services like DynamoDB",
                "doctrine/couchdb": "Allow sending log messages to a CouchDB server",
                "ext-amqp": "Allow sending log messages to an AMQP server (1.0+ required)",
                "ext-mongo": "Allow sending log messages to a MongoDB server",
                "graylog2/gelf-php": "Allow sending log messages to a GrayLog2 server",
                "mongodb/mongodb": "Allow sending log messages to a MongoDB server via PHP Driver",
                "php-amqplib/php-amqplib": "Allow sending log messages to an AMQP server using php-amqplib",
                "php-console/php-console": "Allow sending log messages to Google Chrome",
                "rollbar/rollbar": "Allow sending log messages to Rollbar",
                "ruflin/elastica": "Allow sending log messages to an Elastic Search server",
                "sentry/sentry": "Allow sending log messages to a Sentry server"
            },
            "type": "library",
            "autoload": {
                "psr-4": {
                    "Monolog\\": "src/Monolog"
                }
            },
            "notification-url": "https://packagist.org/downloads/",
            "license": [
                "MIT"
            ],
            "authors": [
                {
                    "name": "Jordi Boggiano",
                    "email": "j.boggiano@seld.be",
                    "homepage": "http://seld.be"
                }
            ],
            "description": "Sends your logs to files, sockets, inboxes, databases and various web services",
            "homepage": "http://github.com/Seldaek/monolog",
            "keywords": [
                "log",
                "logging",
                "psr-3"
            ],
            "support": {
                "issues": "https://github.com/Seldaek/monolog/issues",
                "source": "https://github.com/Seldaek/monolog/tree/1.26.0"
            },
            "funding": [
                {
                    "url": "https://github.com/Seldaek",
                    "type": "github"
                },
                {
                    "url": "https://tidelift.com/funding/github/packagist/monolog/monolog",
                    "type": "tidelift"
                }
            ],
            "time": "2020-12-14T12:56:38+00:00"
        },
        {
            "name": "mustache/mustache",
            "version": "v2.14.1",
            "source": {
                "type": "git",
                "url": "https://github.com/bobthecow/mustache.php.git",
                "reference": "579ffa5c96e1d292c060b3dd62811ff01ad8c24e"
            },
            "dist": {
                "type": "zip",
                "url": "https://api.github.com/repos/bobthecow/mustache.php/zipball/579ffa5c96e1d292c060b3dd62811ff01ad8c24e",
                "reference": "579ffa5c96e1d292c060b3dd62811ff01ad8c24e",
                "shasum": ""
            },
            "require": {
                "php": ">=5.2.4"
            },
            "require-dev": {
                "friendsofphp/php-cs-fixer": "~1.11",
                "phpunit/phpunit": "~3.7|~4.0|~5.0"
            },
            "type": "library",
            "autoload": {
                "psr-0": {
                    "Mustache": "src/"
                }
            },
            "notification-url": "https://packagist.org/downloads/",
            "license": [
                "MIT"
            ],
            "authors": [
                {
                    "name": "Justin Hileman",
                    "email": "justin@justinhileman.info",
                    "homepage": "http://justinhileman.com"
                }
            ],
            "description": "A Mustache implementation in PHP.",
            "homepage": "https://github.com/bobthecow/mustache.php",
            "keywords": [
                "mustache",
                "templating"
            ],
            "support": {
                "issues": "https://github.com/bobthecow/mustache.php/issues",
                "source": "https://github.com/bobthecow/mustache.php/tree/v2.14.1"
            },
            "time": "2022-01-21T06:08:36+00:00"
        },
        {
            "name": "psr/log",
            "version": "1.1.4",
            "source": {
                "type": "git",
                "url": "https://github.com/php-fig/log.git",
                "reference": "d49695b909c3b7628b6289db5479a1c204601f11"
            },
            "dist": {
                "type": "zip",
                "url": "https://api.github.com/repos/php-fig/log/zipball/d49695b909c3b7628b6289db5479a1c204601f11",
                "reference": "d49695b909c3b7628b6289db5479a1c204601f11",
                "shasum": ""
            },
            "require": {
                "php": ">=5.3.0"
            },
            "type": "library",
            "extra": {
                "branch-alias": {
                    "dev-master": "1.1.x-dev"
                }
            },
            "autoload": {
                "psr-4": {
                    "Psr\\Log\\": "Psr/Log/"
                }
            },
            "notification-url": "https://packagist.org/downloads/",
            "license": [
                "MIT"
            ],
            "authors": [
                {
                    "name": "PHP-FIG",
                    "homepage": "https://www.php-fig.org/"
                }
            ],
            "description": "Common interface for logging libraries",
            "homepage": "https://github.com/php-fig/log",
            "keywords": [
                "log",
                "psr",
                "psr-3"
            ],
            "support": {
                "source": "https://github.com/php-fig/log/tree/1.1.4"
            },
            "time": "2021-05-03T11:20:27+00:00"
        },
        {
            "name": "ramsey/collection",
            "version": "1.2.2",
            "source": {
                "type": "git",
                "url": "https://github.com/ramsey/collection.git",
                "reference": "cccc74ee5e328031b15640b51056ee8d3bb66c0a"
            },
            "dist": {
                "type": "zip",
                "url": "https://api.github.com/repos/ramsey/collection/zipball/cccc74ee5e328031b15640b51056ee8d3bb66c0a",
                "reference": "cccc74ee5e328031b15640b51056ee8d3bb66c0a",
                "shasum": ""
            },
            "require": {
                "php": "^7.3 || ^8",
                "symfony/polyfill-php81": "^1.23"
            },
            "require-dev": {
                "captainhook/captainhook": "^5.3",
                "dealerdirect/phpcodesniffer-composer-installer": "^0.7.0",
                "ergebnis/composer-normalize": "^2.6",
                "fakerphp/faker": "^1.5",
                "hamcrest/hamcrest-php": "^2",
                "jangregor/phpstan-prophecy": "^0.8",
                "mockery/mockery": "^1.3",
                "phpspec/prophecy-phpunit": "^2.0",
                "phpstan/extension-installer": "^1",
                "phpstan/phpstan": "^0.12.32",
                "phpstan/phpstan-mockery": "^0.12.5",
                "phpstan/phpstan-phpunit": "^0.12.11",
                "phpunit/phpunit": "^8.5 || ^9",
                "psy/psysh": "^0.10.4",
                "slevomat/coding-standard": "^6.3",
                "squizlabs/php_codesniffer": "^3.5",
                "vimeo/psalm": "^4.4"
            },
            "type": "library",
            "autoload": {
                "psr-4": {
                    "Ramsey\\Collection\\": "src/"
                }
            },
            "notification-url": "https://packagist.org/downloads/",
            "license": [
                "MIT"
            ],
            "authors": [
                {
                    "name": "Ben Ramsey",
                    "email": "ben@benramsey.com",
                    "homepage": "https://benramsey.com"
                }
            ],
            "description": "A PHP library for representing and manipulating collections.",
            "keywords": [
                "array",
                "collection",
                "hash",
                "map",
                "queue",
                "set"
            ],
            "support": {
                "issues": "https://github.com/ramsey/collection/issues",
                "source": "https://github.com/ramsey/collection/tree/1.2.2"
            },
            "funding": [
                {
                    "url": "https://github.com/ramsey",
                    "type": "github"
                },
                {
                    "url": "https://tidelift.com/funding/github/packagist/ramsey/collection",
                    "type": "tidelift"
                }
            ],
            "time": "2021-10-10T03:01:02+00:00"
        },
        {
            "name": "ramsey/uuid",
            "version": "4.3.1",
            "source": {
                "type": "git",
                "url": "https://github.com/ramsey/uuid.git",
                "reference": "8505afd4fea63b81a85d3b7b53ac3cb8dc347c28"
            },
            "dist": {
                "type": "zip",
                "url": "https://api.github.com/repos/ramsey/uuid/zipball/8505afd4fea63b81a85d3b7b53ac3cb8dc347c28",
                "reference": "8505afd4fea63b81a85d3b7b53ac3cb8dc347c28",
                "shasum": ""
            },
            "require": {
                "brick/math": "^0.8 || ^0.9",
                "ext-ctype": "*",
                "ext-json": "*",
                "php": "^8.0",
                "ramsey/collection": "^1.0"
            },
            "replace": {
                "rhumsaa/uuid": "self.version"
            },
            "require-dev": {
                "captainhook/captainhook": "^5.10",
                "captainhook/plugin-composer": "^5.3",
                "dealerdirect/phpcodesniffer-composer-installer": "^0.7.0",
                "doctrine/annotations": "^1.8",
                "ergebnis/composer-normalize": "^2.15",
                "mockery/mockery": "^1.3",
                "moontoast/math": "^1.1",
                "paragonie/random-lib": "^2",
                "php-mock/php-mock": "^2.2",
                "php-mock/php-mock-mockery": "^1.3",
                "php-parallel-lint/php-parallel-lint": "^1.1",
                "phpbench/phpbench": "^1.0",
                "phpstan/extension-installer": "^1.0",
                "phpstan/phpstan": "^0.12",
                "phpstan/phpstan-mockery": "^0.12",
                "phpstan/phpstan-phpunit": "^0.12",
                "phpunit/phpunit": "^8.5 || ^9",
                "slevomat/coding-standard": "^7.0",
                "squizlabs/php_codesniffer": "^3.5",
                "vimeo/psalm": "^4.9"
            },
            "suggest": {
                "ext-bcmath": "Enables faster math with arbitrary-precision integers using BCMath.",
                "ext-ctype": "Enables faster processing of character classification using ctype functions.",
                "ext-gmp": "Enables faster math with arbitrary-precision integers using GMP.",
                "ext-uuid": "Enables the use of PeclUuidTimeGenerator and PeclUuidRandomGenerator.",
                "paragonie/random-lib": "Provides RandomLib for use with the RandomLibAdapter",
                "ramsey/uuid-doctrine": "Allows the use of Ramsey\\Uuid\\Uuid as Doctrine field type."
            },
            "type": "library",
            "extra": {
                "captainhook": {
                    "force-install": true
                }
            },
            "autoload": {
                "files": [
                    "src/functions.php"
                ],
                "psr-4": {
                    "Ramsey\\Uuid\\": "src/"
                }
            },
            "notification-url": "https://packagist.org/downloads/",
            "license": [
                "MIT"
            ],
            "description": "A PHP library for generating and working with universally unique identifiers (UUIDs).",
            "keywords": [
                "guid",
                "identifier",
                "uuid"
            ],
            "support": {
                "issues": "https://github.com/ramsey/uuid/issues",
                "source": "https://github.com/ramsey/uuid/tree/4.3.1"
            },
            "funding": [
                {
                    "url": "https://github.com/ramsey",
                    "type": "github"
                },
                {
                    "url": "https://tidelift.com/funding/github/packagist/ramsey/uuid",
                    "type": "tidelift"
                }
            ],
            "time": "2022-03-27T21:42:02+00:00"
        },
        {
            "name": "smarty/smarty",
            "version": "v4.1.1",
            "source": {
                "type": "git",
                "url": "https://github.com/smarty-php/smarty.git",
                "reference": "71036be8be02bf93735c47b0b745f722efbc729f"
            },
            "dist": {
                "type": "zip",
                "url": "https://api.github.com/repos/smarty-php/smarty/zipball/71036be8be02bf93735c47b0b745f722efbc729f",
                "reference": "71036be8be02bf93735c47b0b745f722efbc729f",
                "shasum": ""
            },
            "require": {
                "php": "^7.1 || ^8.0"
            },
            "require-dev": {
                "phpunit/phpunit": "^8.5 || ^7.5",
                "smarty/smarty-lexer": "^3.1"
            },
            "type": "library",
            "extra": {
                "branch-alias": {
                    "dev-master": "4.0.x-dev"
                }
            },
            "autoload": {
                "classmap": [
                    "libs/"
                ]
            },
            "notification-url": "https://packagist.org/downloads/",
            "license": [
                "LGPL-3.0"
            ],
            "authors": [
                {
                    "name": "Monte Ohrt",
                    "email": "monte@ohrt.com"
                },
                {
                    "name": "Uwe Tews",
                    "email": "uwe.tews@googlemail.com"
                },
                {
                    "name": "Rodney Rehm",
                    "email": "rodney.rehm@medialize.de"
                },
                {
                    "name": "Simon Wisselink",
                    "homepage": "https://www.iwink.nl/"
                }
            ],
            "description": "Smarty - the compiling PHP template engine",
            "homepage": "https://smarty-php.github.io/smarty/",
            "keywords": [
                "templating"
            ],
            "support": {
                "forum": "https://github.com/smarty-php/smarty/discussions",
                "issues": "https://github.com/smarty-php/smarty/issues",
                "source": "https://github.com/smarty-php/smarty/tree/v4.1.1"
            },
            "time": "2022-05-17T12:56:28+00:00"
        },
        {
            "name": "symfony/polyfill-ctype",
            "version": "v1.26.0",
            "source": {
                "type": "git",
                "url": "https://github.com/symfony/polyfill-ctype.git",
                "reference": "6fd1b9a79f6e3cf65f9e679b23af304cd9e010d4"
            },
            "dist": {
                "type": "zip",
                "url": "https://api.github.com/repos/symfony/polyfill-ctype/zipball/6fd1b9a79f6e3cf65f9e679b23af304cd9e010d4",
                "reference": "6fd1b9a79f6e3cf65f9e679b23af304cd9e010d4",
                "shasum": ""
            },
            "require": {
                "php": ">=7.1"
            },
            "provide": {
                "ext-ctype": "*"
            },
            "suggest": {
                "ext-ctype": "For best performance"
            },
            "type": "library",
            "extra": {
                "branch-alias": {
                    "dev-main": "1.26-dev"
                },
                "thanks": {
                    "name": "symfony/polyfill",
                    "url": "https://github.com/symfony/polyfill"
                }
            },
            "autoload": {
                "files": [
                    "bootstrap.php"
                ],
                "psr-4": {
                    "Symfony\\Polyfill\\Ctype\\": ""
                }
            },
            "notification-url": "https://packagist.org/downloads/",
            "license": [
                "MIT"
            ],
            "authors": [
                {
                    "name": "Gert de Pagter",
                    "email": "BackEndTea@gmail.com"
                },
                {
                    "name": "Symfony Community",
                    "homepage": "https://symfony.com/contributors"
                }
            ],
            "description": "Symfony polyfill for ctype functions",
            "homepage": "https://symfony.com",
            "keywords": [
                "compatibility",
                "ctype",
                "polyfill",
                "portable"
            ],
            "support": {
                "source": "https://github.com/symfony/polyfill-ctype/tree/v1.26.0"
            },
            "funding": [
                {
                    "url": "https://symfony.com/sponsor",
                    "type": "custom"
                },
                {
                    "url": "https://github.com/fabpot",
                    "type": "github"
                },
                {
                    "url": "https://tidelift.com/funding/github/packagist/symfony/symfony",
                    "type": "tidelift"
                }
            ],
            "time": "2022-05-24T11:49:31+00:00"
        },
        {
            "name": "symfony/polyfill-mbstring",
            "version": "v1.26.0",
            "source": {
                "type": "git",
                "url": "https://github.com/symfony/polyfill-mbstring.git",
                "reference": "9344f9cb97f3b19424af1a21a3b0e75b0a7d8d7e"
            },
            "dist": {
                "type": "zip",
                "url": "https://api.github.com/repos/symfony/polyfill-mbstring/zipball/9344f9cb97f3b19424af1a21a3b0e75b0a7d8d7e",
                "reference": "9344f9cb97f3b19424af1a21a3b0e75b0a7d8d7e",
                "shasum": ""
            },
            "require": {
                "php": ">=7.1"
            },
            "provide": {
                "ext-mbstring": "*"
            },
            "suggest": {
                "ext-mbstring": "For best performance"
            },
            "type": "library",
            "extra": {
                "branch-alias": {
                    "dev-main": "1.26-dev"
                },
                "thanks": {
                    "name": "symfony/polyfill",
                    "url": "https://github.com/symfony/polyfill"
                }
            },
            "autoload": {
                "files": [
                    "bootstrap.php"
                ],
                "psr-4": {
                    "Symfony\\Polyfill\\Mbstring\\": ""
                }
            },
            "notification-url": "https://packagist.org/downloads/",
            "license": [
                "MIT"
            ],
            "authors": [
                {
                    "name": "Nicolas Grekas",
                    "email": "p@tchwork.com"
                },
                {
                    "name": "Symfony Community",
                    "homepage": "https://symfony.com/contributors"
                }
            ],
            "description": "Symfony polyfill for the Mbstring extension",
            "homepage": "https://symfony.com",
            "keywords": [
                "compatibility",
                "mbstring",
                "polyfill",
                "portable",
                "shim"
            ],
            "support": {
                "source": "https://github.com/symfony/polyfill-mbstring/tree/v1.26.0"
            },
            "funding": [
                {
                    "url": "https://symfony.com/sponsor",
                    "type": "custom"
                },
                {
                    "url": "https://github.com/fabpot",
                    "type": "github"
                },
                {
                    "url": "https://tidelift.com/funding/github/packagist/symfony/symfony",
                    "type": "tidelift"
                }
            ],
            "time": "2022-05-24T11:49:31+00:00"
        },
        {
            "name": "symfony/polyfill-php81",
            "version": "v1.25.0",
            "source": {
                "type": "git",
                "url": "https://github.com/symfony/polyfill-php81.git",
                "reference": "5de4ba2d41b15f9bd0e19b2ab9674135813ec98f"
            },
            "dist": {
                "type": "zip",
                "url": "https://api.github.com/repos/symfony/polyfill-php81/zipball/5de4ba2d41b15f9bd0e19b2ab9674135813ec98f",
                "reference": "5de4ba2d41b15f9bd0e19b2ab9674135813ec98f",
                "shasum": ""
            },
            "require": {
                "php": ">=7.1"
            },
            "type": "library",
            "extra": {
                "branch-alias": {
                    "dev-main": "1.23-dev"
                },
                "thanks": {
                    "name": "symfony/polyfill",
                    "url": "https://github.com/symfony/polyfill"
                }
            },
            "autoload": {
                "files": [
                    "bootstrap.php"
                ],
                "psr-4": {
                    "Symfony\\Polyfill\\Php81\\": ""
                },
                "classmap": [
                    "Resources/stubs"
                ]
            },
            "notification-url": "https://packagist.org/downloads/",
            "license": [
                "MIT"
            ],
            "authors": [
                {
                    "name": "Nicolas Grekas",
                    "email": "p@tchwork.com"
                },
                {
                    "name": "Symfony Community",
                    "homepage": "https://symfony.com/contributors"
                }
            ],
            "description": "Symfony polyfill backporting some PHP 8.1+ features to lower PHP versions",
            "homepage": "https://symfony.com",
            "keywords": [
                "compatibility",
                "polyfill",
                "portable",
                "shim"
            ],
            "support": {
                "source": "https://github.com/symfony/polyfill-php81/tree/v1.25.0"
            },
            "funding": [
                {
                    "url": "https://symfony.com/sponsor",
                    "type": "custom"
                },
                {
                    "url": "https://github.com/fabpot",
                    "type": "github"
                },
                {
                    "url": "https://tidelift.com/funding/github/packagist/symfony/symfony",
                    "type": "tidelift"
                }
            ],
            "time": "2021-09-13T13:58:11+00:00"
        },
        {
            "name": "twig/twig",
            "version": "v3.4.1",
            "source": {
                "type": "git",
                "url": "https://github.com/twigphp/Twig.git",
                "reference": "e939eae92386b69b49cfa4599dd9bead6bf4a342"
            },
            "dist": {
                "type": "zip",
                "url": "https://api.github.com/repos/twigphp/Twig/zipball/e939eae92386b69b49cfa4599dd9bead6bf4a342",
                "reference": "e939eae92386b69b49cfa4599dd9bead6bf4a342",
                "shasum": ""
            },
            "require": {
                "php": ">=7.2.5",
                "symfony/polyfill-ctype": "^1.8",
                "symfony/polyfill-mbstring": "^1.3"
            },
            "require-dev": {
                "psr/container": "^1.0",
                "symfony/phpunit-bridge": "^4.4.9|^5.0.9|^6.0"
            },
            "type": "library",
            "extra": {
                "branch-alias": {
                    "dev-master": "3.4-dev"
                }
            },
            "autoload": {
                "psr-4": {
                    "Twig\\": "src/"
                }
            },
            "notification-url": "https://packagist.org/downloads/",
            "license": [
                "BSD-3-Clause"
            ],
            "authors": [
                {
                    "name": "Fabien Potencier",
                    "email": "fabien@symfony.com",
                    "homepage": "http://fabien.potencier.org",
                    "role": "Lead Developer"
                },
                {
                    "name": "Twig Team",
                    "role": "Contributors"
                },
                {
                    "name": "Armin Ronacher",
                    "email": "armin.ronacher@active-4.com",
                    "role": "Project Founder"
                }
            ],
            "description": "Twig, the flexible, fast, and secure template language for PHP",
            "homepage": "https://twig.symfony.com",
            "keywords": [
                "templating"
            ],
            "support": {
                "issues": "https://github.com/twigphp/Twig/issues",
                "source": "https://github.com/twigphp/Twig/tree/v3.4.1"
            },
            "funding": [
                {
                    "url": "https://github.com/fabpot",
                    "type": "github"
                },
                {
                    "url": "https://tidelift.com/funding/github/packagist/twig/twig",
                    "type": "tidelift"
                }
            ],
            "time": "2022-05-17T05:48:52+00:00"
        }
    ],
    "packages-dev": [],
    "aliases": [],
    "minimum-stability": "stable",
    "stability-flags": [],
    "prefer-stable": false,
    "prefer-lowest": false,
    "platform": [],
    "platform-dev": [],
    "plugin-api-version": "2.3.0"
}
